# This file is automatically @generated by Poetry 2.2.1 and should not be changed by hand.

[[package]]
name = "docopt-ng"
version = "0.9.0"
description = "Jazzband-maintained fork of docopt, the humane command line arguments parser."
optional = false
python-versions = ">=3.7"
groups = ["main"]
files = [
    {file = "docopt_ng-0.9.0-py3-none-any.whl", hash = "sha256:bfe4c8b03f9fca424c24ee0b4ffa84bf7391cb18c29ce0f6a8227a3b01b81ff9"},
    {file = "docopt_ng-0.9.0.tar.gz", hash = "sha256:91c6da10b5bb6f2e9e25345829fb8278c78af019f6fc40887ad49b060483b1d7"},
]

[metadata]
lock-version = "2.1"
python-versions = ">=3.14"
content-hash = "c2ba63cebf2087ef0df422dc01c33fab96d9bce1b0a9a21220db71bfafae75dd"
